
Microsoft Visual Studio Solution File, Format Version 12.00
# Visual Studio Version 16
VisualStudioVersion = 16.0.33130.400
MinimumVisualStudioVersion = 10.0.40219.1
Project("{8BC9CEB8-8B4A-11D0-8D11-00A0C91BC942}") = "CheckerBoard17", "CheckerBoard17.vcxproj", "{EA6F00D2-C28A-4231-9B35-BD80CDA38ACA}"
EndProject
Global
	GlobalSection(SolutionConfigurationPlatforms) = preSolution
		Debug|Win32 = Debug|Win32
		Debug|x64 = Debug|x64
		Release|Win32 = Release|Win32
		Release|x64 = Release|x64
	EndGlobalSection
	GlobalSection(ProjectConfigurationPlatforms) = postSolution
		{EA6F00D2-C28A-4231-9B35-BD80CDA38ACA}.Debug|Win32.ActiveCfg = Debug|Win32
		{EA6F00D2-C28A-4231-9B35-BD80CDA38ACA}.Debug|Win32.Build.0 = Debug|Win32
		{EA6F00D2-C28A-4231-9B35-BD80CDA38ACA}.Debug|x64.ActiveCfg = Debug|x64
		{EA6F00D2-C28A-4231-9B35-BD80CDA38ACA}.Debug|x64.Build.0 = Debug|x64
		{EA6F00D2-C28A-4231-9B35-BD80CDA38ACA}.Release|Win32.ActiveCfg = Release|Win32
		{EA6F00D2-C28A-4231-9B35-BD80CDA38ACA}.Release|Win32.Build.0 = Release|Win32
		{EA6F00D2-C28A-4231-9B35-BD80CDA38ACA}.Release|x64.ActiveCfg = Release|x64
		{EA6F00D2-C28A-4231-9B35-BD80CDA38ACA}.Release|x64.Build.0 = Release|x64
	EndGlobalSection
	GlobalSection(SolutionProperties) = preSolution
		HideSolutionNode = FALSE
	EndGlobalSection
	GlobalSection(ExtensibilityGlobals) = postSolution
		SolutionGuid = {FC31C9CE-218F-4145-A08C-22937B1CEBB4}
	EndGlobalSection
EndGlobal
